
Microsoft Visual Studio Solution File, Format Version 12.00
# Visual Studio Version 17
VisualStudioVersion = 17.11.35312.102
MinimumVisualStudioVersion = 10.0.40219.1
Project("{9A19103F-16F7-4668-BE54-9A1E7A4F7556}") = "WebApplication_spendsense", "WebApplication_spendsense\WebApplication_spendsense.csproj", "{7CE2050A-9257-4712-884A-2E1899E3A008}"
EndProject
Global
	GlobalSection(SolutionConfigurationPlatforms) = preSolution
		Debug|Any CPU = Debug|Any CPU
		Release|Any CPU = Release|Any CPU
	EndGlobalSection
	GlobalSection(ProjectConfigurationPlatforms) = postSolution
		{7CE2050A-9257-4712-884A-2E1899E3A008}.Debug|Any CPU.ActiveCfg = Debug|Any CPU
		{7CE2050A-9257-4712-884A-2E1899E3A008}.Debug|Any CPU.Build.0 = Debug|Any CPU
		{7CE2050A-9257-4712-884A-2E1899E3A008}.Release|Any CPU.ActiveCfg = Release|Any CPU
		{7CE2050A-9257-4712-884A-2E1899E3A008}.Release|Any CPU.Build.0 = Release|Any CPU
	EndGlobalSection
	GlobalSection(SolutionProperties) = preSolution
		HideSolutionNode = FALSE
	EndGlobalSection
	GlobalSection(ExtensibilityGlobals) = postSolution
		SolutionGuid = {B2D0E2FF-B01E-4FFA-ABD1-BE92FB586837}
	EndGlobalSection
EndGlobal
